
Microsoft Visual Studio Solution File, Format Version 12.00
# Visual Studio Version 17
VisualStudioVersion = 17.7.34221.43
MinimumVisualStudioVersion = 10.0.40219.1
Project("{FAE04EC0-301F-11D3-BF4B-00C04F79EFBC}") = "Lab.3.4.mrdium.lvl.kruchinina", "Lab.3.4.mrdium.lvl.kruchinina\Lab.3.4.mrdium.lvl.kruchinina.csproj", "{B9947898-5131-4BE8-B377-393BFEA2271C}"
EndProject
Global
	GlobalSection(SolutionConfigurationPlatforms) = preSolution
		Debug|Any CPU = Debug|Any CPU
		Release|Any CPU = Release|Any CPU
	EndGlobalSection
	GlobalSection(ProjectConfigurationPlatforms) = postSolution
		{B9947898-5131-4BE8-B377-393BFEA2271C}.Debug|Any CPU.ActiveCfg = Debug|Any CPU
		{B9947898-5131-4BE8-B377-393BFEA2271C}.Debug|Any CPU.Build.0 = Debug|Any CPU
		{B9947898-5131-4BE8-B377-393BFEA2271C}.Release|Any CPU.ActiveCfg = Release|Any CPU
		{B9947898-5131-4BE8-B377-393BFEA2271C}.Release|Any CPU.Build.0 = Release|Any CPU
	EndGlobalSection
	GlobalSection(SolutionProperties) = preSolution
		HideSolutionNode = FALSE
	EndGlobalSection
	GlobalSection(ExtensibilityGlobals) = postSolution
		SolutionGuid = {FFF20072-DF8D-4AF0-B91B-DC875096C2C8}
	EndGlobalSection
EndGlobal
